// !$*UTF8*$!
{
	archiveVersion = 1;
	classes = {
	};
	objectVersion = 50;
	objects = {

/* Begin PBXBuildFile section */
		5A0953B023A3F47A00F1703B /* CloudKit.framework in Frameworks */ = {isa = PBXBuildFile; fileRef = 5A0953AF23A3F47A00F1703B /* CloudKit.framework */; };
		5A0953B223A3FA1800F1703B /* TeslaProductCell.swift in Sources */ = {isa = PBXBuildFile; fileRef = 5A0953B123A3FA1800F1703B /* TeslaProductCell.swift */; };
		5A0953B423A4038500F1703B /* TeslaProduct+Extensions.swift in Sources */ = {isa = PBXBuildFile; fileRef = 5A0953B323A4038500F1703B /* TeslaProduct+Extensions.swift */; };
		5A9BC61423A3D94D002D4E8F /* AppDelegate.swift in Sources */ = {isa = PBXBuildFile; fileRef = 5A9BC61323A3D94D002D4E8F /* AppDelegate.swift */; };
		5A9BC61623A3D94D002D4E8F /* SceneDelegate.swift in Sources */ = {isa = PBXBuildFile; fileRef = 5A9BC61523A3D94D002D4E8F /* SceneDelegate.swift */; };
		5A9BC61823A3D94D002D4E8F /* HomeViewController.swift in Sources */ = {isa = PBXBuildFile; fileRef = 5A9BC61723A3D94D002D4E8F /* HomeViewController.swift */; };
		5A9BC61B23A3D94D002D4E8F /* Main.storyboard in Resources */ = {isa = PBXBuildFile; fileRef = 5A9BC61923A3D94D002D4E8F /* Main.storyboard */; };
		5A9BC61E23A3D94D002D4E8F /* CoreDataCloudKit.xcdatamodeld in Sources */ = {isa = PBXBuildFile; fileRef = 5A9BC61C23A3D94D002D4E8F /* CoreDataCloudKit.xcdatamodeld */; };
		5A9BC62023A3D953002D4E8F /* Assets.xcassets in Resources */ = {isa = PBXBuildFile; fileRef = 5A9BC61F23A3D953002D4E8F /* Assets.xcassets */; };
		5A9BC62323A3D953002D4E8F /* LaunchScreen.storyboard in Resources */ = {isa = PBXBuildFile; fileRef = 5A9BC62123A3D953002D4E8F /* LaunchScreen.storyboard */; };
		5A9BC62E23A3D953002D4E8F /* CoreDataCloudKitTests.swift in Sources */ = {isa = PBXBuildFile; fileRef = 5A9BC62D23A3D953002D4E8F /* CoreDataCloudKitTests.swift */; };
		5A9BC63923A3D953002D4E8F /* CoreDataCloudKitUITests.swift in Sources */ = {isa = PBXBuildFile; fileRef = 5A9BC63823A3D953002D4E8F /* CoreDataCloudKitUITests.swift */; };
		5A9BC64823A3DA3B002D4E8F /* HomeViewModel.swift in Sources */ = {isa = PBXBuildFile; fileRef = 5A9BC64723A3DA3B002D4E8F /* HomeViewModel.swift */; };
		5A9BC64A23A3DA69002D4E8F /* CoreDataManager.swift in Sources */ = {isa = PBXBuildFile; fileRef = 5A9BC64923A3DA69002D4E8F /* CoreDataManager.swift */; };
/* End PBXBuildFile section */

/* Begin PBXContainerItemProxy section */
		5A9BC62A23A3D953002D4E8F /* PBXContainerItemProxy */ = {
			isa = PBXContainerItemProxy;
			containerPortal = 5A9BC60823A3D94D002D4E8F /* Project object */;
			proxyType = 1;
			remoteGlobalIDString = 5A9BC60F23A3D94D002D4E8F;
			remoteInfo = CoreDataCloudKit;
		};
		5A9BC63523A3D953002D4E8F /* PBXContainerItemProxy */ = {
			isa = PBXContainerItemProxy;
			containerPortal = 5A9BC60823A3D94D002D4E8F /* Project object */;
			proxyType = 1;
			remoteGlobalIDString = 5A9BC60F23A3D94D002D4E8F;
			remoteInfo = CoreDataCloudKit;
		};
/* End PBXContainerItemProxy section */

/* Begin PBXFileReference section */
		5A0953AD23A3F47600F1703B /* CoreDataCloudKit.entitlements */ = {isa = PBXFileReference; lastKnownFileType = text.plist.entitlements; path = CoreDataCloudKit.entitlements; sourceTree = "<group>"; };
		5A0953AF23A3F47A00F1703B /* CloudKit.framework */ = {isa = PBXFileReference; lastKnownFileType = wrapper.framework; name = CloudKit.framework; path = System/Library/Frameworks/CloudKit.framework; sourceTree = SDKROOT; };
		5A0953B123A3FA1800F1703B /* TeslaProductCell.swift */ = {isa = PBXFileReference; lastKnownFileType = sourcecode.swift; path = TeslaProductCell.swift; sourceTree = "<group>"; };
		5A0953B323A4038500F1703B /* TeslaProduct+Extensions.swift */ = {isa = PBXFileReference; lastKnownFileType = sourcecode.swift; path = "TeslaProduct+Extensions.swift"; sourceTree = "<group>"; };
		5A78813323A3F2620059402B /* CoreDataCloudKit 2.xcdatamodel */ = {isa = PBXFileReference; lastKnownFileType = wrapper.xcdatamodel; path = "CoreDataCloudKit 2.xcdatamodel"; sourceTree = "<group>"; };
		5A9BC61023A3D94D002D4E8F /* CoreDataCloudKit.app */ = {isa = PBXFileReference; explicitFileType = wrapper.application; includeInIndex = 0; path = CoreDataCloudKit.app; sourceTree = BUILT_PRODUCTS_DIR; };
		5A9BC61323A3D94D002D4E8F /* AppDelegate.swift */ = {isa = PBXFileReference; lastKnownFileType = sourcecode.swift; path = AppDelegate.swift; sourceTree = "<group>"; };
		5A9BC61523A3D94D002D4E8F /* SceneDelegate.swift */ = {isa = PBXFileReference; lastKnownFileType = sourcecode.swift; path = SceneDelegate.swift; sourceTree = "<group>"; };
		5A9BC61723A3D94D002D4E8F /* HomeViewController.swift */ = {isa = PBXFileReference; lastKnownFileType = sourcecode.swift; path = HomeViewController.swift; sourceTree = "<group>"; };
		5A9BC61A23A3D94D002D4E8F /* Base */ = {isa = PBXFileReference; lastKnownFileType = file.storyboard; name = Base; path = Base.lproj/Main.storyboard; sourceTree = "<group>"; };
		5A9BC61D23A3D94D002D4E8F /* CoreDataCloudKit.xcdatamodel */ = {isa = PBXFileReference; lastKnownFileType = wrapper.xcdatamodel; path = CoreDataCloudKit.xcdatamodel; sourceTree = "<group>"; };
		5A9BC61F23A3D953002D4E8F /* Assets.xcassets */ = {isa = PBXFileReference; lastKnownFileType = folder.assetcatalog; path = Assets.xcassets; sourceTree = "<group>"; };
		5A9BC62223A3D953002D4E8F /* Base */ = {isa = PBXFileReference; lastKnownFileType = file.storyboard; name = Base; path = Base.lproj/LaunchScreen.storyboard; sourceTree = "<group>"; };
		5A9BC62423A3D953002D4E8F /* Info.plist */ = {isa = PBXFileReference; lastKnownFileType = text.plist.xml; path = Info.plist; sourceTree = "<group>"; };
		5A9BC62923A3D953002D4E8F /* CoreDataCloudKitTests.xctest */ = {isa = PBXFileReference; explicitFileType = wrapper.cfbundle; includeInIndex = 0; path = CoreDataCloudKitTests.xctest; sourceTree = BUILT_PRODUCTS_DIR; };
		5A9BC62D23A3D953002D4E8F /* CoreDataCloudKitTests.swift */ = {isa = PBXFileReference; lastKnownFileType = sourcecode.swift; path = CoreDataCloudKitTests.swift; sourceTree = "<group>"; };
		5A9BC62F23A3D953002D4E8F /* Info.plist */ = {isa = PBXFileReference; lastKnownFileType = text.plist.xml; path = Info.plist; sourceTree = "<group>"; };
		5A9BC63423A3D953002D4E8F /* CoreDataCloudKitUITests.xctest */ = {isa = PBXFileReference; explicitFileType = wrapper.cfbundle; includeInIndex = 0; path = CoreDataCloudKitUITests.xctest; sourceTree = BUILT_PRODUCTS_DIR; };
		5A9BC63823A3D953002D4E8F /* CoreDataCloudKitUITests.swift */ = {isa = PBXFileReference; lastKnownFileType = sourcecode.swift; path = CoreDataCloudKitUITests.swift; sourceTree = "<group>"; };
		5A9BC63A23A3D953002D4E8F /* Info.plist */ = {isa = PBXFileReference; lastKnownFileType = text.plist.xml; path = Info.plist; sourceTree = "<group>"; };
		5A9BC64723A3DA3B002D4E8F /* HomeViewModel.swift */ = {isa = PBXFileReference; lastKnownFileType = sourcecode.swift; path = HomeViewModel.swift; sourceTree = "<group>"; };
		5A9BC64923A3DA69002D4E8F /* CoreDataManager.swift */ = {isa = PBXFileReference; lastKnownFileType = sourcecode.swift; path = CoreDataManager.swift; sourceTree = "<group>"; };
/* End PBXFileReference section */

/* Begin PBXFrameworksBuildPhase section */
		5A9BC60D23A3D94D002D4E8F /* Frameworks */ = {
			isa = PBXFrameworksBuildPhase;
			buildActionMask = 2147483647;
			files = (
				5A0953B023A3F47A00F1703B /* CloudKit.framework in Frameworks */,
			);
			runOnlyForDeploymentPostprocessing = 0;
		};
		5A9BC62623A3D953002D4E8F /* Frameworks */ = {
			isa = PBXFrameworksBuildPhase;
			buildActionMask = 2147483647;
			files = (
			);
			runOnlyForDeploymentPostprocessing = 0;
		};
		5A9BC63123A3D953002D4E8F /* Frameworks */ = {
			isa = PBXFrameworksBuildPhase;
			buildActionMask = 2147483647;
			files = (
			);
			runOnlyForDeploymentPostprocessing = 0;
		};
/* End PBXFrameworksBuildPhase section */

/* Begin PBXGroup section */
		5A0953AE23A3F47A00F1703B /* Frameworks */ = {
			isa = PBXGroup;
			children = (
				5A0953AF23A3F47A00F1703B /* CloudKit.framework */,
			);
			name = Frameworks;
			sourceTree = "<group>";
		};
		5A9BC60723A3D94D002D4E8F = {
			isa = PBXGroup;
			children = (
				5A9BC61223A3D94D002D4E8F /* CoreDataCloudKit */,
				5A9BC62C23A3D953002D4E8F /* CoreDataCloudKitTests */,
				5A9BC63723A3D953002D4E8F /* CoreDataCloudKitUITests */,
				5A9BC61123A3D94D002D4E8F /* Products */,
				5A0953AE23A3F47A00F1703B /* Frameworks */,
			);
			sourceTree = "<group>";
		};
		5A9BC61123A3D94D002D4E8F /* Products */ = {
			isa = PBXGroup;
			children = (
				5A9BC61023A3D94D002D4E8F /* CoreDataCloudKit.app */,
				5A9BC62923A3D953002D4E8F /* CoreDataCloudKitTests.xctest */,
				5A9BC63423A3D953002D4E8F /* CoreDataCloudKitUITests.xctest */,
			);
			name = Products;
			sourceTree = "<group>";
		};
		5A9BC61223A3D94D002D4E8F /* CoreDataCloudKit */ = {
			isa = PBXGroup;
			children = (
				5A0953AD23A3F47600F1703B /* CoreDataCloudKit.entitlements */,
				5A9BC61323A3D94D002D4E8F /* AppDelegate.swift */,
				5A9BC61523A3D94D002D4E8F /* SceneDelegate.swift */,
				5A9BC64623A3DA20002D4E8F /* HomeView */,
				5A9BC61923A3D94D002D4E8F /* Main.storyboard */,
				5A9BC61F23A3D953002D4E8F /* Assets.xcassets */,
				5A9BC62123A3D953002D4E8F /* LaunchScreen.storyboard */,
				5A9BC62423A3D953002D4E8F /* Info.plist */,
				5A9BC61C23A3D94D002D4E8F /* CoreDataCloudKit.xcdatamodeld */,
				5A9BC64923A3DA69002D4E8F /* CoreDataManager.swift */,
				5A0953B323A4038500F1703B /* TeslaProduct+Extensions.swift */,
			);
			path = CoreDataCloudKit;
			sourceTree = "<group>";
		};
		5A9BC62C23A3D953002D4E8F /* CoreDataCloudKitTests */ = {
			isa = PBXGroup;
			children = (
				5A9BC62D23A3D953002D4E8F /* CoreDataCloudKitTests.swift */,
				5A9BC62F23A3D953002D4E8F /* Info.plist */,
			);
			path = CoreDataCloudKitTests;
			sourceTree = "<group>";
		};
		5A9BC63723A3D953002D4E8F /* CoreDataCloudKitUITests */ = {
			isa = PBXGroup;
			children = (
				5A9BC63823A3D953002D4E8F /* CoreDataCloudKitUITests.swift */,
				5A9BC63A23A3D953002D4E8F /* Info.plist */,
			);
			path = CoreDataCloudKitUITests;
			sourceTree = "<group>";
		};
		5A9BC64623A3DA20002D4E8F /* HomeView */ = {
			isa = PBXGroup;
			children = (
				5A9BC61723A3D94D002D4E8F /* HomeViewController.swift */,
				5A9BC64723A3DA3B002D4E8F /* HomeViewModel.swift */,
				5A0953B123A3FA1800F1703B /* TeslaProductCell.swift */,
			);
			path = HomeView;
			sourceTree = "<group>";
		};
/* End PBXGroup section */

/* Begin PBXNativeTarget section */
		5A9BC60F23A3D94D002D4E8F /* CoreDataCloudKit */ = {
			isa = PBXNativeTarget;
			buildConfigurationList = 5A9BC63D23A3D953002D4E8F /* Build configuration list for PBXNativeTarget "CoreDataCloudKit" */;
			buildPhases = (
				5A9BC60C23A3D94D002D4E8F /* Sources */,
				5A9BC60D23A3D94D002D4E8F /* Frameworks */,
				5A9BC60E23A3D94D002D4E8F /* Resources */,
			);
			buildRules = (
			);
			dependencies = (
			);
			name = CoreDataCloudKit;
			productName = CoreDataCloudKit;
			productReference = 5A9BC61023A3D94D002D4E8F /* CoreDataCloudKit.app */;
			productType = "com.apple.product-type.application";
		};
		5A9BC62823A3D953002D4E8F /* CoreDataCloudKitTests */ = {
			isa = PBXNativeTarget;
			buildConfigurationList = 5A9BC64023A3D953002D4E8F /* Build configuration list for PBXNativeTarget "CoreDataCloudKitTests" */;
			buildPhases = (
				5A9BC62523A3D953002D4E8F /* Sources */,
				5A9BC62623A3D953002D4E8F /* Frameworks */,
				5A9BC62723A3D953002D4E8F /* Resources */,
			);
			buildRules = (
			);
			dependencies = (
				5A9BC62B23A3D953002D4E8F /* PBXTargetDependency */,
			);
			name = CoreDataCloudKitTests;
			productName = CoreDataCloudKitTests;
			productReference = 5A9BC62923A3D953002D4E8F /* CoreDataCloudKitTests.xctest */;
			productType = "com.apple.product-type.bundle.unit-test";
		};
		5A9BC63323A3D953002D4E8F /* CoreDataCloudKitUITests */ = {
			isa = PBXNativeTarget;
			buildConfigurationList = 5A9BC64323A3D953002D4E8F /* Build configuration list for PBXNativeTarget "CoreDataCloudKitUITests" */;
			buildPhases = (
				5A9BC63023A3D953002D4E8F /* Sources */,
				5A9BC63123A3D953002D4E8F /* Frameworks */,
				5A9BC63223A3D953002D4E8F /* Resources */,
			);
			buildRules = (
			);
			dependencies = (
				5A9BC63623A3D953002D4E8F /* PBXTargetDependency */,
			);
			name = CoreDataCloudKitUITests;
			productName = CoreDataCloudKitUITests;
			productReference = 5A9BC63423A3D953002D4E8F /* CoreDataCloudKitUITests.xctest */;
			productType = "com.apple.product-type.bundle.ui-testing";
		};
/* End PBXNativeTarget section */

/* Begin PBXProject section */
		5A9BC60823A3D94D002D4E8F /* Project object */ = {
			isa = PBXProject;
			attributes = {
				LastSwiftUpdateCheck = 1130;
				LastUpgradeCheck = 1130;
				ORGANIZATIONNAME = "Luke Allen";
				TargetAttributes = {
					5A9BC60F23A3D94D002D4E8F = {
						CreatedOnToolsVersion = 11.3;
					};
					5A9BC62823A3D953002D4E8F = {
						CreatedOnToolsVersion = 11.3;
						TestTargetID = 5A9BC60F23A3D94D002D4E8F;
					};
					5A9BC63323A3D953002D4E8F = {
						CreatedOnToolsVersion = 11.3;
						TestTargetID = 5A9BC60F23A3D94D002D4E8F;
					};
				};
			};
			buildConfigurationList = 5A9BC60B23A3D94D002D4E8F /* Build configuration list for PBXProject "CoreDataCloudKit" */;
			compatibilityVersion = "Xcode 9.3";
			developmentRegion = en;
			hasScannedForEncodings = 0;
			knownRegions = (
				en,
				Base,
			);
			mainGroup = 5A9BC60723A3D94D002D4E8F;
			productRefGroup = 5A9BC61123A3D94D002D4E8F /* Products */;
			projectDirPath = "";
			projectRoot = "";
			targets = (
				5A9BC60F23A3D94D002D4E8F /* CoreDataCloudKit */,
				5A9BC62823A3D953002D4E8F /* CoreDataCloudKitTests */,
				5A9BC63323A3D953002D4E8F /* CoreDataCloudKitUITests */,
			);
		};
/* End PBXProject section */

/* Begin PBXResourcesBuildPhase section */
		5A9BC60E23A3D94D002D4E8F /* Resources */ = {
			isa = PBXResourcesBuildPhase;
			buildActionMask = 2147483647;
			files = (
				5A9BC62323A3D953002D4E8F /* LaunchScreen.storyboard in Resources */,
				5A9BC62023A3D953002D4E8F /* Assets.xcassets in Resources */,
				5A9BC61B23A3D94D002D4E8F /* Main.storyboard in Resources */,
			);
			runOnlyForDeploymentPostprocessing = 0;
		};
		5A9BC62723A3D953002D4E8F /* Resources */ = {
			isa = PBXResourcesBuildPhase;
			buildActionMask = 2147483647;
			files = (
			);
			runOnlyForDeploymentPostprocessing = 0;
		};
		5A9BC63223A3D953002D4E8F /* Resources */ = {
			isa = PBXResourcesBuildPhase;
			buildActionMask = 2147483647;
			files = (
			);
			runOnlyForDeploymentPostprocessing = 0;
		};
/* End PBXResourcesBuildPhase section */

/* Begin PBXSourcesBuildPhase section */
		5A9BC60C23A3D94D002D4E8F /* Sources */ = {
			isa = PBXSourcesBuildPhase;
			buildActionMask = 2147483647;
			files = (
				5A9BC64A23A3DA69002D4E8F /* CoreDataManager.swift in Sources */,
				5A9BC61823A3D94D002D4E8F /* HomeViewController.swift in Sources */,
				5A0953B223A3FA1800F1703B /* TeslaProductCell.swift in Sources */,
				5A9BC61423A3D94D002D4E8F /* AppDelegate.swift in Sources */,
				5A9BC61623A3D94D002D4E8F /* SceneDelegate.swift in Sources */,
				5A0953B423A4038500F1703B /* TeslaProduct+Extensions.swift in Sources */,
				5A9BC64823A3DA3B002D4E8F /* HomeViewModel.swift in Sources */,
				5A9BC61E23A3D94D002D4E8F /* CoreDataCloudKit.xcdatamodeld in Sources */,
			);
			runOnlyForDeploymentPostprocessing = 0;
		};
		5A9BC62523A3D953002D4E8F /* Sources */ = {
			isa = PBXSourcesBuildPhase;
			buildActionMask = 2147483647;
			files = (
				5A9BC62E23A3D953002D4E8F /* CoreDataCloudKitTests.swift in Sources */,
			);
			runOnlyForDeploymentPostprocessing = 0;
		};
		5A9BC63023A3D953002D4E8F /* Sources */ = {
			isa = PBXSourcesBuildPhase;
			buildActionMask = 2147483647;
			files = (
				5A9BC63923A3D953002D4E8F /* CoreDataCloudKitUITests.swift in Sources */,
			);
			runOnlyForDeploymentPostprocessing = 0;
		};
/* End PBXSourcesBuildPhase section */

/* Begin PBXTargetDependency section */
		5A9BC62B23A3D953002D4E8F /* PBXTargetDependency */ = {
			isa = PBXTargetDependency;
			target = 5A9BC60F23A3D94D002D4E8F /* CoreDataCloudKit */;
			targetProxy = 5A9BC62A23A3D953002D4E8F /* PBXContainerItemProxy */;
		};
		5A9BC63623A3D953002D4E8F /* PBXTargetDependency */ = {
			isa = PBXTargetDependency;
			target = 5A9BC60F23A3D94D002D4E8F /* CoreDataCloudKit */;
			targetProxy = 5A9BC63523A3D953002D4E8F /* PBXContainerItemProxy */;
		};
/* End PBXTargetDependency section */

/* Begin PBXVariantGroup section */
		5A9BC61923A3D94D002D4E8F /* Main.storyboard */ = {
			isa = PBXVariantGroup;
			children = (
				5A9BC61A23A3D94D002D4E8F /* Base */,
			);
			name = Main.storyboard;
			sourceTree = "<group>";
		};
		5A9BC62123A3D953002D4E8F /* LaunchScreen.storyboard */ = {
			isa = PBXVariantGroup;
			children = (
				5A9BC62223A3D953002D4E8F /* Base */,
			);
			name = LaunchScreen.storyboard;
			sourceTree = "<group>";
		};
/* End PBXVariantGroup section */

/* Begin XCBuildConfiguration section */
		5A9BC63B23A3D953002D4E8F /* Debug */ = {
			isa = XCBuildConfiguration;
			buildSettings = {
				ALWAYS_SEARCH_USER_PATHS = NO;
				CLANG_ANALYZER_NONNULL = YES;
				CLANG_ANALYZER_NUMBER_OBJECT_CONVERSION = YES_AGGRESSIVE;
				CLANG_CXX_LANGUAGE_STANDARD = "gnu++14";
				CLANG_CXX_LIBRARY = "libc++";
				CLANG_ENABLE_MODULES = YES;
				CLANG_ENABLE_OBJC_ARC = YES;
				CLANG_ENABLE_OBJC_WEAK = YES;
				CLANG_WARN_BLOCK_CAPTURE_AUTORELEASING = YES;
				CLANG_WARN_BOOL_CONVERSION = YES;
				CLANG_WARN_COMMA = YES;
				CLANG_WARN_CONSTANT_CONVERSION = YES;
				CLANG_WARN_DEPRECATED_OBJC_IMPLEMENTATIONS = YES;
				CLANG_WARN_DIRECT_OBJC_ISA_USAGE = YES_ERROR;
				CLANG_WARN_DOCUMENTATION_COMMENTS = YES;
				CLANG_WARN_EMPTY_BODY = YES;
				CLANG_WARN_ENUM_CONVERSION = YES;
				CLANG_WARN_INFINITE_RECURSION = YES;
				CLANG_WARN_INT_CONVERSION = YES;
				CLANG_WARN_NON_LITERAL_NULL_CONVERSION = YES;
				CLANG_WARN_OBJC_IMPLICIT_RETAIN_SELF = YES;
				CLANG_WARN_OBJC_LITERAL_CONVERSION = YES;
				CLANG_WARN_OBJC_ROOT_CLASS = YES_ERROR;
				CLANG_WARN_RANGE_LOOP_ANALYSIS = YES;
				CLANG_WARN_STRICT_PROTOTYPES = YES;
				CLANG_WARN_SUSPICIOUS_MOVE = YES;
				CLANG_WARN_UNGUARDED_AVAILABILITY = YES_AGGRESSIVE;
				CLANG_WARN_UNREACHABLE_CODE = YES;
				CLANG_WARN__DUPLICATE_METHOD_MATCH = YES;
				COPY_PHASE_STRIP = NO;
				DEBUG_INFORMATION_FORMAT = dwarf;
				ENABLE_STRICT_OBJC_MSGSEND = YES;
				ENABLE_TESTABILITY = YES;
				GCC_C_LANGUAGE_STANDARD = gnu11;
				GCC_DYNAMIC_NO_PIC = NO;
				GCC_NO_COMMON_BLOCKS = YES;
				GCC_OPTIMIZATION_LEVEL = 0;
				GCC_PREPROCESSOR_DEFINITIONS = (
					"DEBUG=1",
					"$(inherited)",
				);
				GCC_WARN_64_TO_32_BIT_CONVERSION = YES;
				GCC_WARN_ABOUT_RETURN_TYPE = YES_ERROR;
				GCC_WARN_UNDECLARED_SELECTOR = YES;
				GCC_WARN_UNINITIALIZED_AUTOS = YES_AGGRESSIVE;
				GCC_WARN_UNUSED_FUNCTION = YES;
				GCC_WARN_UNUSED_VARIABLE = YES;
				IPHONEOS_DEPLOYMENT_TARGET = 13.2;
				MTL_ENABLE_DEBUG_INFO = INCLUDE_SOURCE;
				MTL_FAST_MATH = YES;
				ONLY_ACTIVE_ARCH = YES;
				SDKROOT = iphoneos;
				SWIFT_ACTIVE_COMPILATION_CONDITIONS = DEBUG;
				SWIFT_OPTIMIZATION_LEVEL = "-Onone";
			};
			name = Debug;
		};
		5A9BC63C23A3D953002D4E8F /* Release */ = {
			isa = XCBuildConfiguration;
			buildSettings = {
				ALWAYS_SEARCH_USER_PATHS = NO;
				CLANG_ANALYZER_NONNULL = YES;
				CLANG_ANALYZER_NUMBER_OBJECT_CONVERSION = YES_AGGRESSIVE;
				CLANG_CXX_LANGUAGE_STANDARD = "gnu++14";
				CLANG_CXX_LIBRARY = "libc++";
				CLANG_ENABLE_MODULES = YES;
				CLANG_ENABLE_OBJC_ARC = YES;
				CLANG_ENABLE_OBJC_WEAK = YES;
				CLANG_WARN_BLOCK_CAPTURE_AUTORELEASING = YES;
				CLANG_WARN_BOOL_CONVERSION = YES;
				CLANG_WARN_COMMA = YES;
				CLANG_WARN_CONSTANT_CONVERSION = YES;
				CLANG_WARN_DEPRECATED_OBJC_IMPLEMENTATIONS = YES;
				CLANG_WARN_DIRECT_OBJC_ISA_USAGE = YES_ERROR;
				CLANG_WARN_DOCUMENTATION_COMMENTS = YES;
				CLANG_WARN_EMPTY_BODY = YES;
				CLANG_WARN_ENUM_CONVERSION = YES;
				CLANG_WARN_INFINITE_RECURSION = YES;
				CLANG_WARN_INT_CONVERSION = YES;
				CLANG_WARN_NON_LITERAL_NULL_CONVERSION = YES;
				CLANG_WARN_OBJC_IMPLICIT_RETAIN_SELF = YES;
				CLANG_WARN_OBJC_LITERAL_CONVERSION = YES;
				CLANG_WARN_OBJC_ROOT_CLASS = YES_ERROR;
				CLANG_WARN_RANGE_LOOP_ANALYSIS = YES;
				CLANG_WARN_STRICT_PROTOTYPES = YES;
				CLANG_WARN_SUSPICIOUS_MOVE = YES;
				CLANG_WARN_UNGUARDED_AVAILABILITY = YES_AGGRESSIVE;
				CLANG_WARN_UNREACHABLE_CODE = YES;
				CLANG_WARN__DUPLICATE_METHOD_MATCH = YES;
				COPY_PHASE_STRIP = NO;
				DEBUG_INFORMATION_FORMAT = "dwarf-with-dsym";
				ENABLE_NS_ASSERTIONS = NO;
				ENABLE_STRICT_OBJC_MSGSEND = YES;
				GCC_C_LANGUAGE_STANDARD = gnu11;
				GCC_NO_COMMON_BLOCKS = YES;
				GCC_WARN_64_TO_32_BIT_CONVERSION = YES;
				GCC_WARN_ABOUT_RETURN_TYPE = YES_ERROR;
				GCC_WARN_UNDECLARED_SELECTOR = YES;
				GCC_WARN_UNINITIALIZED_AUTOS = YES_AGGRESSIVE;
				GCC_WARN_UNUSED_FUNCTION = YES;
				GCC_WARN_UNUSED_VARIABLE = YES;
				IPHONEOS_DEPLOYMENT_TARGET = 13.2;
				MTL_ENABLE_DEBUG_INFO = NO;
				MTL_FAST_MATH = YES;
				SDKROOT = iphoneos;
				SWIFT_COMPILATION_MODE = wholemodule;
				SWIFT_OPTIMIZATION_LEVEL = "-O";
				VALIDATE_PRODUCT = YES;
			};
			name = Release;
		};
		5A9BC63E23A3D953002D4E8F /* Debug */ = {
			isa = XCBuildConfiguration;
			buildSettings = {
				ASSETCATALOG_COMPILER_APPICON_NAME = AppIcon;
				CODE_SIGN_ENTITLEMENTS = CoreDataCloudKit/CoreDataCloudKit.entitlements;
				CODE_SIGN_STYLE = Automatic;
				DEVELOPMENT_TEAM = Z56E8M84Z6;
				INFOPLIST_FILE = CoreDataCloudKit/Info.plist;
				LD_RUNPATH_SEARCH_PATHS = (
					"$(inherited)",
					"@executable_path/Frameworks",
				);
				PRODUCT_BUNDLE_IDENTIFIER = iOSLuke.CoreDataCloudKit;
				PRODUCT_NAME = "$(TARGET_NAME)";
				SWIFT_VERSION = 5.0;
				TARGETED_DEVICE_FAMILY = "1,2";
			};
			name = Debug;
		};
		5A9BC63F23A3D953002D4E8F /* Release */ = {
			isa = XCBuildConfiguration;
			buildSettings = {
				ASSETCATALOG_COMPILER_APPICON_NAME = AppIcon;
				CODE_SIGN_ENTITLEMENTS = CoreDataCloudKit/CoreDataCloudKit.entitlements;
				CODE_SIGN_STYLE = Automatic;
				DEVELOPMENT_TEAM = Z56E8M84Z6;
				INFOPLIST_FILE = CoreDataCloudKit/Info.plist;
				LD_RUNPATH_SEARCH_PATHS = (
					"$(inherited)",
					"@executable_path/Frameworks",
				);
				PRODUCT_BUNDLE_IDENTIFIER = iOSLuke.CoreDataCloudKit;
				PRODUCT_NAME = "$(TARGET_NAME)";
				SWIFT_VERSION = 5.0;
				TARGETED_DEVICE_FAMILY = "1,2";
			};
			name = Release;
		};
		5A9BC64123A3D953002D4E8F /* Debug */ = {
			isa = XCBuildConfiguration;
			buildSettings = {
				ALWAYS_EMBED_SWIFT_STANDARD_LIBRARIES = YES;
				BUNDLE_LOADER = "$(TEST_HOST)";
				CODE_SIGN_STYLE = Automatic;
				DEVELOPMENT_TEAM = Z56E8M84Z6;
				INFOPLIST_FILE = CoreDataCloudKitTests/Info.plist;
				IPHONEOS_DEPLOYMENT_TARGET = 13.2;
				LD_RUNPATH_SEARCH_PATHS = (
					"$(inherited)",
					"@executable_path/Frameworks",
					"@loader_path/Frameworks",
				);
				PRODUCT_BUNDLE_IDENTIFIER = iOSLuke.CoreDataCloudKitTests;
				PRODUCT_NAME = "$(TARGET_NAME)";
				SWIFT_VERSION = 5.0;
				TARGETED_DEVICE_FAMILY = "1,2";
				TEST_HOST = "$(BUILT_PRODUCTS_DIR)/CoreDataCloudKit.app/CoreDataCloudKit";
			};
			name = Debug;
		};
		5A9BC64223A3D953002D4E8F /* Release */ = {
			isa = XCBuildConfiguration;
			buildSettings = {
				ALWAYS_EMBED_SWIFT_STANDARD_LIBRARIES = YES;
				BUNDLE_LOADER = "$(TEST_HOST)";
				CODE_SIGN_STYLE = Automatic;
				DEVELOPMENT_TEAM = Z56E8M84Z6;
				INFOPLIST_FILE = CoreDataCloudKitTests/Info.plist;
				IPHONEOS_DEPLOYMENT_TARGET = 13.2;
				LD_RUNPATH_SEARCH_PATHS = (
					"$(inherited)",
					"@executable_path/Frameworks",
					"@loader_path/Frameworks",
				);
				PRODUCT_BUNDLE_IDENTIFIER = iOSLuke.CoreDataCloudKitTests;
				PRODUCT_NAME = "$(TARGET_NAME)";
				SWIFT_VERSION = 5.0;
				TARGETED_DEVICE_FAMILY = "1,2";
				TEST_HOST = "$(BUILT_PRODUCTS_DIR)/CoreDataCloudKit.app/CoreDataCloudKit";
			};
			name = Release;
		};
		5A9BC64423A3D953002D4E8F /* Debug */ = {
			isa = XCBuildConfiguration;
			buildSettings = {
				ALWAYS_EMBED_SWIFT_STANDARD_LIBRARIES = YES;
				CODE_SIGN_STYLE = Automatic;
				DEVELOPMENT_TEAM = Z56E8M84Z6;
				INFOPLIST_FILE = CoreDataCloudKitUITests/Info.plist;
				LD_RUNPATH_SEARCH_PATHS = (
					"$(inherited)",
					"@executable_path/Frameworks",
					"@loader_path/Frameworks",
				);
				PRODUCT_BUNDLE_IDENTIFIER = iOSLuke.CoreDataCloudKitUITests;
				PRODUCT_NAME = "$(TARGET_NAME)";
				SWIFT_VERSION = 5.0;
				TARGETED_DEVICE_FAMILY = "1,2";
				TEST_TARGET_NAME = CoreDataCloudKit;
			};
			name = Debug;
		};
		5A9BC64523A3D953002D4E8F /* Release */ = {
			isa = XCBuildConfiguration;
			buildSettings = {
				ALWAYS_EMBED_SWIFT_STANDARD_LIBRARIES = YES;
				CODE_SIGN_STYLE = Automatic;
				DEVELOPMENT_TEAM = Z56E8M84Z6;
				INFOPLIST_FILE = CoreDataCloudKitUITests/Info.plist;
				LD_RUNPATH_SEARCH_PATHS = (
					"$(inherited)",
					"@executable_path/Frameworks",
					"@loader_path/Frameworks",
				);
				PRODUCT_BUNDLE_IDENTIFIER = iOSLuke.CoreDataCloudKitUITests;
				PRODUCT_NAME = "$(TARGET_NAME)";
				SWIFT_VERSION = 5.0;
				TARGETED_DEVICE_FAMILY = "1,2";
				TEST_TARGET_NAME = CoreDataCloudKit;
			};
			name = Release;
		};
/* End XCBuildConfiguration section */

/* Begin XCConfigurationList section */
		5A9BC60B23A3D94D002D4E8F /* Build configuration list for PBXProject "CoreDataCloudKit" */ = {
			isa = XCConfigurationList;
			buildConfigurations = (
				5A9BC63B23A3D953002D4E8F /* Debug */,
				5A9BC63C23A3D953002D4E8F /* Release */,
			);
			defaultConfigurationIsVisible = 0;
			defaultConfigurationName = Release;
		};
		5A9BC63D23A3D953002D4E8F /* Build configuration list for PBXNativeTarget "CoreDataCloudKit" */ = {
			isa = XCConfigurationList;
			buildConfigurations = (
				5A9BC63E23A3D953002D4E8F /* Debug */,
				5A9BC63F23A3D953002D4E8F /* Release */,
			);
			defaultConfigurationIsVisible = 0;
			defaultConfigurationName = Release;
		};
		5A9BC64023A3D953002D4E8F /* Build configuration list for PBXNativeTarget "CoreDataCloudKitTests" */ = {
			isa = XCConfigurationList;
			buildConfigurations = (
				5A9BC64123A3D953002D4E8F /* Debug */,
				5A9BC64223A3D953002D4E8F /* Release */,
			);
			defaultConfigurationIsVisible = 0;
			defaultConfigurationName = Release;
		};
		5A9BC64323A3D953002D4E8F /* Build configuration list for PBXNativeTarget "CoreDataCloudKitUITests" */ = {
			isa = XCConfigurationList;
			buildConfigurations = (
				5A9BC64423A3D953002D4E8F /* Debug */,
				5A9BC64523A3D953002D4E8F /* Release */,
			);
			defaultConfigurationIsVisible = 0;
			defaultConfigurationName = Release;
		};
/* End XCConfigurationList section */

/* Begin XCVersionGroup section */
		5A9BC61C23A3D94D002D4E8F /* CoreDataCloudKit.xcdatamodeld */ = {
			isa = XCVersionGroup;
			children = (
				5A78813323A3F2620059402B /* CoreDataCloudKit 2.xcdatamodel */,
				5A9BC61D23A3D94D002D4E8F /* CoreDataCloudKit.xcdatamodel */,
			);
			currentVersion = 5A9BC61D23A3D94D002D4E8F /* CoreDataCloudKit.xcdatamodel */;
			path = CoreDataCloudKit.xcdatamodeld;
			sourceTree = "<group>";
			versionGroupType = wrapper.xcdatamodel;
		};
/* End XCVersionGroup section */
	};
	rootObject = 5A9BC60823A3D94D002D4E8F /* Project object */;
}
